
Microsoft Visual Studio Solution File, Format Version 12.00
# Visual Studio Version 16
VisualStudioVersion = 16.0.30320.27
MinimumVisualStudioVersion = 10.0.40219.1
Project("{FAE04EC0-301F-11D3-BF4B-00C04F79EFBC}") = "KNS.Fabric", "KNS.Fabric\KNS.Fabric.csproj", "{1AE4A430-4B18-4D3D-9E97-DB44429CD190}"
EndProject
Global
	GlobalSection(SolutionConfigurationPlatforms) = preSolution
		Debug|Any CPU = Debug|Any CPU
		Release|Any CPU = Release|Any CPU
	EndGlobalSection
	GlobalSection(ProjectConfigurationPlatforms) = postSolution
		{1AE4A430-4B18-4D3D-9E97-DB44429CD190}.Debug|Any CPU.ActiveCfg = Debug|Any CPU
		{1AE4A430-4B18-4D3D-9E97-DB44429CD190}.Debug|Any CPU.Build.0 = Debug|Any CPU
		{1AE4A430-4B18-4D3D-9E97-DB44429CD190}.Release|Any CPU.ActiveCfg = Release|Any CPU
		{1AE4A430-4B18-4D3D-9E97-DB44429CD190}.Release|Any CPU.Build.0 = Release|Any CPU
	EndGlobalSection
	GlobalSection(SolutionProperties) = preSolution
		HideSolutionNode = FALSE
	EndGlobalSection
	GlobalSection(ExtensibilityGlobals) = postSolution
		SolutionGuid = {24F33C20-2818-481B-8CEE-31DEF277892E}
	EndGlobalSection
EndGlobal
